
Microsoft Visual Studio Solution File, Format Version 12.00
# Visual Studio 15
VisualStudioVersion = 15.0.28307.902
MinimumVisualStudioVersion = 10.0.40219.1
Project("{FAE04EC0-301F-11D3-BF4B-00C04F79EFBC}") = "1002csharp", "1002csharp\1002csharp.csproj", "{9956A1C2-8827-4E3A-9998-C352F3D3D3D1}"
EndProject
Global
	GlobalSection(SolutionConfigurationPlatforms) = preSolution
		Debug|Any CPU = Debug|Any CPU
		Release|Any CPU = Release|Any CPU
	EndGlobalSection
	GlobalSection(ProjectConfigurationPlatforms) = postSolution
		{9956A1C2-8827-4E3A-9998-C352F3D3D3D1}.Debug|Any CPU.ActiveCfg = Debug|Any CPU
		{9956A1C2-8827-4E3A-9998-C352F3D3D3D1}.Debug|Any CPU.Build.0 = Debug|Any CPU
		{9956A1C2-8827-4E3A-9998-C352F3D3D3D1}.Release|Any CPU.ActiveCfg = Release|Any CPU
		{9956A1C2-8827-4E3A-9998-C352F3D3D3D1}.Release|Any CPU.Build.0 = Release|Any CPU
	EndGlobalSection
	GlobalSection(SolutionProperties) = preSolution
		HideSolutionNode = FALSE
	EndGlobalSection
	GlobalSection(ExtensibilityGlobals) = postSolution
		SolutionGuid = {D4435D5A-FA78-4A9F-92A3-F406C4BA5703}
	EndGlobalSection
EndGlobal
