
Microsoft Visual Studio Solution File, Format Version 12.00
# Visual Studio 15
VisualStudioVersion = 15.0.28307.902
MinimumVisualStudioVersion = 10.0.40219.1
Project("{FAE04EC0-301F-11D3-BF4B-00C04F79EFBC}") = "1005csharp", "1005csharp\1005csharp.csproj", "{8CCB891B-2B61-4BBC-A5A0-E1EC037C6C63}"
EndProject
Global
	GlobalSection(SolutionConfigurationPlatforms) = preSolution
		Debug|Any CPU = Debug|Any CPU
		Release|Any CPU = Release|Any CPU
	EndGlobalSection
	GlobalSection(ProjectConfigurationPlatforms) = postSolution
		{8CCB891B-2B61-4BBC-A5A0-E1EC037C6C63}.Debug|Any CPU.ActiveCfg = Debug|Any CPU
		{8CCB891B-2B61-4BBC-A5A0-E1EC037C6C63}.Debug|Any CPU.Build.0 = Debug|Any CPU
		{8CCB891B-2B61-4BBC-A5A0-E1EC037C6C63}.Release|Any CPU.ActiveCfg = Release|Any CPU
		{8CCB891B-2B61-4BBC-A5A0-E1EC037C6C63}.Release|Any CPU.Build.0 = Release|Any CPU
	EndGlobalSection
	GlobalSection(SolutionProperties) = preSolution
		HideSolutionNode = FALSE
	EndGlobalSection
	GlobalSection(ExtensibilityGlobals) = postSolution
		SolutionGuid = {E2F3BDCD-FE99-4E87-BC42-A35CA284FD70}
	EndGlobalSection
EndGlobal
